{
  "name": "automotion-v7",
  "version": "0.0.0",
  "lockfileVersion": 3,
  "requires": true,
  "packages": {
    "": {
      "name": "automotion-v7",
      "version": "0.0.0",
      "workspaces": [
        "client",
        "server",
        "lenses",
        "match"
      ]
    },
    "client": {
      "name": "@automotion-v7/client",
      "version": "0.0.0"
    },
    "lenses": {
      "name": "@automotion-v7/lenses",
      "version": "0.0.0"
    },
    "match": {
      "name": "@automotion-v7/match",
      "version": "0.0.0"
    },
    "node_modules/@automotion-v7/client": {
      "resolved": "client",
      "link": true
    },
    "node_modules/@automotion-v7/lenses": {
      "resolved": "lenses",
      "link": true
    },
    "node_modules/@automotion-v7/match": {
      "resolved": "match",
      "link": true
    },
    "node_modules/@automotion-v7/server": {
      "resolved": "server",
      "link": true
    },
    "server": {
      "name": "@automotion-v7/server",
      "version": "0.0.0"
    }
  }
}
